<?xml version="1.0" encoding="utf-8"?>
<Project ToolsVersion="4.0" xmlns="http://schemas.microsoft.com/developer/msbuild/2003">
  <ItemGroup>
    <ClCompile Include="main.cpp" />
    <ClCompile Include="ThreadPool.cpp" />
    <ClCompile Include="EventLooper.cpp" />
    <ClCompile Include="unittest\UnitTest.cpp">
      <Filter>unittest</Filter>
    </ClCompile>
    <ClCompile Include="promise.h" />
    <ClCompile Include="unittest\EventLooperTest.cpp">
      <Filter>unittest</Filter>
    </ClCompile>
    <ClCompile Include="unittest\AnyTest.cpp">
      <Filter>unittest</Filter>
    </ClCompile>
    <ClCompile Include="unittest\PromiseTets.cpp">
      <Filter>unittest</Filter>
    </ClCompile>
    <ClCompile Include="TcpConnection.cpp" />
    <ClCompile Include="EventLoopInThread.cpp" />
    <ClCompile Include="DummyFile.cpp" />
    <ClCompile Include="EventHandler.cpp" />
    <ClCompile Include="Acceptor.cpp" />
    <ClCompile Include="Connector.cpp" />
    <ClCompile Include="TcpClient.cpp" />
    <ClCompile Include="TcpServer.cpp" />
  </ItemGroup>
  <ItemGroup>
    <ClInclude Include="Epoller.h" />
    <ClInclude Include="EventLooper.h" />
    <ClInclude Include="EventHandler.h" />
    <ClInclude Include="ThreadPool.h" />
    <ClInclude Include="Any.h" />
    <ClInclude Include="Any_help.h" />
    <ClInclude Include="Core.h" />
    <ClInclude Include="Promise_help.h" />
    <ClInclude Include="NameSpace.h" />
    <ClInclude Include="DummyFile.h" />
    <ClInclude Include="TcpConnection.h" />
    <ClInclude Include="EventLoopInThread.h" />
    <ClInclude Include="Buffer.h" />
    <ClInclude Include="Debug.h">
      <Filter>unittest</Filter>
    </ClInclude>
    <ClInclude Include="Acceptor.h" />
    <ClInclude Include="Connector.h" />
    <ClInclude Include="TcpClient.h" />
    <ClInclude Include="TcpServer.h" />
    <ClInclude Include="Log.h" />
  </ItemGroup>
  <ItemGroup>
    <Filter Include="unittest">
      <UniqueIdentifier>{bb35c5b2-0eee-45a5-8c8e-fc59c19138a7}</UniqueIdentifier>
    </Filter>
    <Filter Include="sample">
      <UniqueIdentifier>{5d5b38bc-22c4-49b0-aa1c-99459b42435c}</UniqueIdentifier>
    </Filter>
  </ItemGroup>
</Project>